
Microsoft Visual Studio Solution File, Format Version 12.00
# Visual Studio Version 17
VisualStudioVersion = 17.4.33205.214
MinimumVisualStudioVersion = 10.0.40219.1
Project("{9A19103F-16F7-4668-BE54-9A1E7A4F7556}") = "BasicFunctionApp", "BasicFunctionApp\BasicFunctionApp.csproj", "{12AF42EC-B0E5-4F28-91A5-90A649F7566B}"
EndProject
Project("{9A19103F-16F7-4668-BE54-9A1E7A4F7556}") = "AzureFunctionApp", "AzureFunctionApp\AzureFunctionApp.csproj", "{A3648367-5C26-44F3-A4F6-7BC2F4CDE574}"
EndProject
Project("{9A19103F-16F7-4668-BE54-9A1E7A4F7556}") = "BasicFunctionClient", "BasicFunctionClient\BasicFunctionClient.csproj", "{66B57F34-DAD9-41C0-853D-F28F22F65C82}"
EndProject
Project("{9A19103F-16F7-4668-BE54-9A1E7A4F7556}") = "InProcessBasicFunctionExample", "InProcessBasicFunctionExample\InProcessBasicFunctionExample.csproj", "{F7D31BB4-5E62-4BCE-A821-C19596B6D87F}"
EndProject
Project("{9A19103F-16F7-4668-BE54-9A1E7A4F7556}") = "HttpTriggerDemoWithSwagger", "HttpTriggerDemoWithSwagger\HttpTriggerDemoWithSwagger.csproj", "{DA81ED28-6648-4863-95D8-46B2E6DF61E0}"
EndProject
Project("{9A19103F-16F7-4668-BE54-9A1E7A4F7556}") = "TimerTriggerDemo", "TimerTriggerDemo\TimerTriggerDemo.csproj", "{4E552330-0CCB-4BB9-8A2D-7399F266F024}"
EndProject
Project("{9A19103F-16F7-4668-BE54-9A1E7A4F7556}") = "StorageQueueTriggerDemo", "StorageQueueTriggerDemo\StorageQueueTriggerDemo.csproj", "{254B2BBF-31BB-4FA5-81DD-B6C13AB39D57}"
EndProject
Project("{FAE04EC0-301F-11D3-BF4B-00C04F79EFBC}") = "BlobTriggerDemo", "BlobTriggerDemo\BlobTriggerDemo.csproj", "{B890CC8D-49B2-4DCF-9C72-DC75905F7ACA}"
EndProject
Project("{FAE04EC0-301F-11D3-BF4B-00C04F79EFBC}") = "SignalRTriggerDemo", "SignalRTriggerDemo\SignalRTriggerDemo.csproj", "{E0F1EC9A-10CE-4D67-AD5F-CA28C3AD5C57}"
EndProject
Project("{FAE04EC0-301F-11D3-BF4B-00C04F79EFBC}") = "ServiceBusTriggerExample", "ServiceBusTriggerExample\ServiceBusTriggerExample.csproj", "{FB6D5CB3-EB82-4E9F-A8E2-5C2CEC41B5B5}"
EndProject
Project("{FAE04EC0-301F-11D3-BF4B-00C04F79EFBC}") = "CosmosDbTriggerDemo", "CosmosDbTriggerDemo\CosmosDbTriggerDemo.csproj", "{B205F651-E277-40A7-A5C9-4152D149D74E}"
EndProject
Project("{FAE04EC0-301F-11D3-BF4B-00C04F79EFBC}") = "EventGridExample", "EventGridExample\EventGridExample.csproj", "{49ED8B6B-E685-4E77-AC90-775D05364888}"
EndProject
Project("{FAE04EC0-301F-11D3-BF4B-00C04F79EFBC}") = "IotHubTriggerExample", "IotHubTriggerExample\IotHubTriggerExample.csproj", "{1760762E-E253-4FC8-A2B9-3D2E40ADBA43}"
EndProject
Project("{FAE04EC0-301F-11D3-BF4B-00C04F79EFBC}") = "RabbitMqTriggerExample", "RabbitMqTriggerExample\RabbitMqTriggerExample.csproj", "{E161A1D1-072E-4B7D-9D4C-7A0399FDA619}"
EndProject
Global
	GlobalSection(SolutionConfigurationPlatforms) = preSolution
		Debug|Any CPU = Debug|Any CPU
		Release|Any CPU = Release|Any CPU
	EndGlobalSection
	GlobalSection(ProjectConfigurationPlatforms) = postSolution
		{12AF42EC-B0E5-4F28-91A5-90A649F7566B}.Debug|Any CPU.ActiveCfg = Debug|Any CPU
		{12AF42EC-B0E5-4F28-91A5-90A649F7566B}.Debug|Any CPU.Build.0 = Debug|Any CPU
		{12AF42EC-B0E5-4F28-91A5-90A649F7566B}.Release|Any CPU.ActiveCfg = Release|Any CPU
		{12AF42EC-B0E5-4F28-91A5-90A649F7566B}.Release|Any CPU.Build.0 = Release|Any CPU
		{A3648367-5C26-44F3-A4F6-7BC2F4CDE574}.Debug|Any CPU.ActiveCfg = Debug|Any CPU
		{A3648367-5C26-44F3-A4F6-7BC2F4CDE574}.Debug|Any CPU.Build.0 = Debug|Any CPU
		{A3648367-5C26-44F3-A4F6-7BC2F4CDE574}.Release|Any CPU.ActiveCfg = Release|Any CPU
		{A3648367-5C26-44F3-A4F6-7BC2F4CDE574}.Release|Any CPU.Build.0 = Release|Any CPU
		{66B57F34-DAD9-41C0-853D-F28F22F65C82}.Debug|Any CPU.ActiveCfg = Debug|Any CPU
		{66B57F34-DAD9-41C0-853D-F28F22F65C82}.Debug|Any CPU.Build.0 = Debug|Any CPU
		{66B57F34-DAD9-41C0-853D-F28F22F65C82}.Release|Any CPU.ActiveCfg = Release|Any CPU
		{66B57F34-DAD9-41C0-853D-F28F22F65C82}.Release|Any CPU.Build.0 = Release|Any CPU
		{F7D31BB4-5E62-4BCE-A821-C19596B6D87F}.Debug|Any CPU.ActiveCfg = Debug|Any CPU
		{F7D31BB4-5E62-4BCE-A821-C19596B6D87F}.Debug|Any CPU.Build.0 = Debug|Any CPU
		{F7D31BB4-5E62-4BCE-A821-C19596B6D87F}.Release|Any CPU.ActiveCfg = Release|Any CPU
		{F7D31BB4-5E62-4BCE-A821-C19596B6D87F}.Release|Any CPU.Build.0 = Release|Any CPU
		{DA81ED28-6648-4863-95D8-46B2E6DF61E0}.Debug|Any CPU.ActiveCfg = Debug|Any CPU
		{DA81ED28-6648-4863-95D8-46B2E6DF61E0}.Debug|Any CPU.Build.0 = Debug|Any CPU
		{DA81ED28-6648-4863-95D8-46B2E6DF61E0}.Release|Any CPU.ActiveCfg = Release|Any CPU
		{DA81ED28-6648-4863-95D8-46B2E6DF61E0}.Release|Any CPU.Build.0 = Release|Any CPU
		{4E552330-0CCB-4BB9-8A2D-7399F266F024}.Debug|Any CPU.ActiveCfg = Debug|Any CPU
		{4E552330-0CCB-4BB9-8A2D-7399F266F024}.Debug|Any CPU.Build.0 = Debug|Any CPU
		{4E552330-0CCB-4BB9-8A2D-7399F266F024}.Release|Any CPU.ActiveCfg = Release|Any CPU
		{4E552330-0CCB-4BB9-8A2D-7399F266F024}.Release|Any CPU.Build.0 = Release|Any CPU
		{254B2BBF-31BB-4FA5-81DD-B6C13AB39D57}.Debug|Any CPU.ActiveCfg = Debug|Any CPU
		{254B2BBF-31BB-4FA5-81DD-B6C13AB39D57}.Debug|Any CPU.Build.0 = Debug|Any CPU
		{254B2BBF-31BB-4FA5-81DD-B6C13AB39D57}.Release|Any CPU.ActiveCfg = Release|Any CPU
		{254B2BBF-31BB-4FA5-81DD-B6C13AB39D57}.Release|Any CPU.Build.0 = Release|Any CPU
		{B890CC8D-49B2-4DCF-9C72-DC75905F7ACA}.Debug|Any CPU.ActiveCfg = Debug|Any CPU
		{B890CC8D-49B2-4DCF-9C72-DC75905F7ACA}.Debug|Any CPU.Build.0 = Debug|Any CPU
		{B890CC8D-49B2-4DCF-9C72-DC75905F7ACA}.Release|Any CPU.ActiveCfg = Release|Any CPU
		{B890CC8D-49B2-4DCF-9C72-DC75905F7ACA}.Release|Any CPU.Build.0 = Release|Any CPU
		{E0F1EC9A-10CE-4D67-AD5F-CA28C3AD5C57}.Debug|Any CPU.ActiveCfg = Debug|Any CPU
		{E0F1EC9A-10CE-4D67-AD5F-CA28C3AD5C57}.Debug|Any CPU.Build.0 = Debug|Any CPU
		{E0F1EC9A-10CE-4D67-AD5F-CA28C3AD5C57}.Release|Any CPU.ActiveCfg = Release|Any CPU
		{E0F1EC9A-10CE-4D67-AD5F-CA28C3AD5C57}.Release|Any CPU.Build.0 = Release|Any CPU
		{FB6D5CB3-EB82-4E9F-A8E2-5C2CEC41B5B5}.Debug|Any CPU.ActiveCfg = Debug|Any CPU
		{FB6D5CB3-EB82-4E9F-A8E2-5C2CEC41B5B5}.Debug|Any CPU.Build.0 = Debug|Any CPU
		{FB6D5CB3-EB82-4E9F-A8E2-5C2CEC41B5B5}.Release|Any CPU.ActiveCfg = Release|Any CPU
		{FB6D5CB3-EB82-4E9F-A8E2-5C2CEC41B5B5}.Release|Any CPU.Build.0 = Release|Any CPU
		{B205F651-E277-40A7-A5C9-4152D149D74E}.Debug|Any CPU.ActiveCfg = Debug|Any CPU
		{B205F651-E277-40A7-A5C9-4152D149D74E}.Debug|Any CPU.Build.0 = Debug|Any CPU
		{B205F651-E277-40A7-A5C9-4152D149D74E}.Release|Any CPU.ActiveCfg = Release|Any CPU
		{B205F651-E277-40A7-A5C9-4152D149D74E}.Release|Any CPU.Build.0 = Release|Any CPU
		{49ED8B6B-E685-4E77-AC90-775D05364888}.Debug|Any CPU.ActiveCfg = Debug|Any CPU
		{49ED8B6B-E685-4E77-AC90-775D05364888}.Debug|Any CPU.Build.0 = Debug|Any CPU
		{49ED8B6B-E685-4E77-AC90-775D05364888}.Release|Any CPU.ActiveCfg = Release|Any CPU
		{49ED8B6B-E685-4E77-AC90-775D05364888}.Release|Any CPU.Build.0 = Release|Any CPU
		{1760762E-E253-4FC8-A2B9-3D2E40ADBA43}.Debug|Any CPU.ActiveCfg = Debug|Any CPU
		{1760762E-E253-4FC8-A2B9-3D2E40ADBA43}.Debug|Any CPU.Build.0 = Debug|Any CPU
		{1760762E-E253-4FC8-A2B9-3D2E40ADBA43}.Release|Any CPU.ActiveCfg = Release|Any CPU
		{1760762E-E253-4FC8-A2B9-3D2E40ADBA43}.Release|Any CPU.Build.0 = Release|Any CPU
		{E161A1D1-072E-4B7D-9D4C-7A0399FDA619}.Debug|Any CPU.ActiveCfg = Debug|Any CPU
		{E161A1D1-072E-4B7D-9D4C-7A0399FDA619}.Debug|Any CPU.Build.0 = Debug|Any CPU
		{E161A1D1-072E-4B7D-9D4C-7A0399FDA619}.Release|Any CPU.ActiveCfg = Release|Any CPU
		{E161A1D1-072E-4B7D-9D4C-7A0399FDA619}.Release|Any CPU.Build.0 = Release|Any CPU
	EndGlobalSection
	GlobalSection(SolutionProperties) = preSolution
		HideSolutionNode = FALSE
	EndGlobalSection
	GlobalSection(ExtensibilityGlobals) = postSolution
		SolutionGuid = {A8EE06B0-6AD0-4FA4-A71A-9336CC2ABE5D}
	EndGlobalSection
EndGlobal
